
Microsoft Visual Studio Solution File, Format Version 12.00
# Visual Studio Version 17
VisualStudioVersion = 17.4.33205.214
MinimumVisualStudioVersion = 10.0.40219.1
Project("{FAE04EC0-301F-11D3-BF4B-00C04F79EFBC}") = "EveM_Curd", "EveM_Curd\EveM_Curd.csproj", "{1306E7C3-DBF2-4420-9436-63A1861E9283}"
EndProject
Global
	GlobalSection(SolutionConfigurationPlatforms) = preSolution
		Debug|Any CPU = Debug|Any CPU
		Release|Any CPU = Release|Any CPU
	EndGlobalSection
	GlobalSection(ProjectConfigurationPlatforms) = postSolution
		{1306E7C3-DBF2-4420-9436-63A1861E9283}.Debug|Any CPU.ActiveCfg = Debug|Any CPU
		{1306E7C3-DBF2-4420-9436-63A1861E9283}.Debug|Any CPU.Build.0 = Debug|Any CPU
		{1306E7C3-DBF2-4420-9436-63A1861E9283}.Release|Any CPU.ActiveCfg = Release|Any CPU
		{1306E7C3-DBF2-4420-9436-63A1861E9283}.Release|Any CPU.Build.0 = Release|Any CPU
	EndGlobalSection
	GlobalSection(SolutionProperties) = preSolution
		HideSolutionNode = FALSE
	EndGlobalSection
	GlobalSection(ExtensibilityGlobals) = postSolution
		SolutionGuid = {A64B1349-DFEA-4974-A6D2-7BC3B6CDADBC}
	EndGlobalSection
EndGlobal
